
Microsoft Visual Studio Solution File, Format Version 12.00
# Visual Studio Version 17
VisualStudioVersion = 17.8.34408.163
MinimumVisualStudioVersion = 10.0.40219.1
Project("{FAE04EC0-301F-11D3-BF4B-00C04F79EFBC}") = "MapService", "MapService\MapService.csproj", "{99B41F6A-BA82-4AC6-B944-67CECBA5FE2D}"
EndProject
Global
	GlobalSection(SolutionConfigurationPlatforms) = preSolution
		Debug|Any CPU = Debug|Any CPU
		Release|Any CPU = Release|Any CPU
	EndGlobalSection
	GlobalSection(ProjectConfigurationPlatforms) = postSolution
		{99B41F6A-BA82-4AC6-B944-67CECBA5FE2D}.Debug|Any CPU.ActiveCfg = Debug|Any CPU
		{99B41F6A-BA82-4AC6-B944-67CECBA5FE2D}.Debug|Any CPU.Build.0 = Debug|Any CPU
		{99B41F6A-BA82-4AC6-B944-67CECBA5FE2D}.Release|Any CPU.ActiveCfg = Release|Any CPU
		{99B41F6A-BA82-4AC6-B944-67CECBA5FE2D}.Release|Any CPU.Build.0 = Release|Any CPU
	EndGlobalSection
	GlobalSection(SolutionProperties) = preSolution
		HideSolutionNode = FALSE
	EndGlobalSection
	GlobalSection(ExtensibilityGlobals) = postSolution
		SolutionGuid = {847F81D3-B99E-46CA-A8DA-D0042AC205C0}
	EndGlobalSection
EndGlobal
